<?xml version="1.0" encoding="UTF-8" standalone="yes" ?>
<CodeBlocks_project_file>
	<FileVersion major="1" minor="6" />
	<Project>
		<Option title="BiblioGest" />
		<Option pch_mode="2" />
		<Option compiler="gcc" />
		<Build>
			<Target title="Release">
				<Option output="bin/Release/BiblioGest" prefix_auto="1" extension_auto="1" />
				<Option object_output="obj/Release/" />
				<Option type="1" />
				<Option compiler="gcc" />
				<Compiler>
					<Add option="-O2" />
				</Compiler>
				<Linker>
					<Add option="-s" />
				</Linker>
			</Target>
		</Build>
		<Compiler>
			<Add option="-Wall" />
			<Add option="-fexceptions" />
		</Compiler>
		<Unit filename="ArchivoLibros.cpp" />
		<Unit filename="Autores.cpp">
			<Option target="&lt;{~None~}&gt;" />
		</Unit>
		<Unit filename="Autores.h">
			<Option target="&lt;{~None~}&gt;" />
		</Unit>
		<Unit filename="Fecha.cpp" />
		<Unit filename="Fecha.h" />
		<Unit filename="Generos.cpp" />
		<Unit filename="Generos.h" />
		<Unit filename="Libro.cpp" />
		<Unit filename="Libro.h" />
		<Unit filename="Prestamos.cpp" />
		<Unit filename="Prestamos.h" />
		<Unit filename="archivoLibros.h" />
		<Unit filename="funcionesPantallasInteractivas.h" />
		<Unit filename="main.cpp" />
		<Unit filename="menu.cpp" />
		<Unit filename="menu.h" />
		<Unit filename="menuLibros.cpp" />
		<Unit filename="menuPrincipal.cpp" />
		<Unit filename="rlutil.h" />
		<Unit filename="socio.cpp" />
		<Unit filename="socio.h" />
		<Unit filename="socioArchivo.cpp" />
		<Unit filename="socioArchivo.h" />
		<Extensions>
			<lib_finder disable_auto="1" />
		</Extensions>
	</Project>
</CodeBlocks_project_file>
